# This file is generated by running "yarn install" inside your project.
# Manual changes might be lost - proceed with caution!

__metadata:
  version: 6
  cacheKey: 8c0

"@actions/core@npm:1.10.0":
  version: 1.10.0
  resolution: "@actions/core@npm:1.10.0"
  dependencies:
    "@actions/http-client": ^2.0.1
    uuid: ^8.3.2
  checksum: 9214d1e0cf5cf2a5d48b8f3b12488c6be9f6722ea60f2397409226e8410b5a3e12e558d9b66c93469d180399865ec20180119408a1770f026bd9ecac6965fcda
  languageName: node
  linkType: hard

"@actions/exec@npm:1.1.1":
  version: 1.1.1
  resolution: "@actions/exec@npm:1.1.1"
  dependencies:
    "@actions/io": ^1.0.1
  checksum: 4a09f6bdbe50ce68b5cf8a7254d176230d6a74bccf6ecc3857feee209a8c950ba9adec87cc5ecceb04110182d1c17117234e45557d72fde6229b7fd3a395322a
  languageName: node
  linkType: hard

"@actions/http-client@npm:^2.0.1":
  version: 2.0.1
  resolution: "@actions/http-client@npm:2.0.1"
  dependencies:
    tunnel: ^0.0.6
  checksum: b58987ba2f53d7988f612ede7ff834573a3360c21f8fdea9fea92f26ada0fd0efafb22aa7d83f49c18965a5b765775d5253e2edb8d9476d924c4b304ef726b67
  languageName: node
  linkType: hard

"@actions/io@npm:^1.0.1":
  version: 1.1.3
  resolution: "@actions/io@npm:1.1.3"
  checksum: 5b8751918e5bf0bebd923ba917fb1c0e294401e7ff0037f32c92a4efa4215550df1f6633c63fd4efb2bdaae8711e69b9e36925857db1f38935ff62a5c92ec29e
  languageName: node
  linkType: hard

"@types/fs-extra@npm:11.0.1":
  version: 11.0.1
  resolution: "@types/fs-extra@npm:11.0.1"
  dependencies:
    "@types/jsonfile": "*"
    "@types/node": "*"
  checksum: a65f1fae47849fe1a17441dcabc9400390303405972ff3cbb3578746cea8916b23d5e7652bf57a87767f75a9b2f37caac499b78b5230ae08fef0ba58b34c3a85
  languageName: node
  linkType: hard

"@types/jsonfile@npm:*":
  version: 6.1.1
  resolution: "@types/jsonfile@npm:6.1.1"
  dependencies:
    "@types/node": "*"
  checksum: 96dfca37e856978eaf256bf5200c46a01a27a0455b9323a72598e8d59ddd81095934bf15e9c84d6a30125cf63e1464aef6d70ab4a35f34ee2cdfa1fe0db0720b
  languageName: node
  linkType: hard

"@types/node@npm:*":
  version: 18.6.2
  resolution: "@types/node@npm:18.6.2"
  checksum: 74279fb0da8afd5f90de1d431c327fe12e0c81dada286920efb18eed5162c32bcb48b85ca3fdc653ef83f2b1aa2435de8dd63dddae3f26eaf0d8a39bbd2f1ab0
  languageName: node
  linkType: hard

"@types/uuid@npm:9.0.1":
  version: 9.0.1
  resolution: "@types/uuid@npm:9.0.1"
  checksum: 234e14e053504a98532bb5d1490c8d649fe24ae04a94ba042b09b380a900094df1032aa7c3864b74b7a85a0a5e97530b2d1340048ed9d07855140cb99b2cefc8
  languageName: node
  linkType: hard

"fs-extra@npm:11.1.1":
  version: 11.1.1
  resolution: "fs-extra@npm:11.1.1"
  dependencies:
    graceful-fs: ^4.2.0
    jsonfile: ^6.0.1
    universalify: ^2.0.0
  checksum: a2480243d7dcfa7d723c5f5b24cf4eba02a6ccece208f1524a2fbde1c629492cfb9a59e4b6d04faff6fbdf71db9fdc8ef7f396417a02884195a625f5d8dc9427
  languageName: node
  linkType: hard

"graceful-fs@npm:^4.1.6, graceful-fs@npm:^4.2.0":
  version: 4.2.11
  resolution: "graceful-fs@npm:4.2.11"
  checksum: 386d011a553e02bc594ac2ca0bd6d9e4c22d7fa8cfbfc448a6d148c59ea881b092db9dbe3547ae4b88e55f1b01f7c4a2ecc53b310c042793e63aa44cf6c257f2
  languageName: node
  linkType: hard

"jsonfile@npm:^6.0.1":
  version: 6.1.0
  resolution: "jsonfile@npm:6.1.0"
  dependencies:
    graceful-fs: ^4.1.6
    universalify: ^2.0.0
  dependenciesMeta:
    graceful-fs:
      optional: true
  checksum: 4f95b5e8a5622b1e9e8f33c96b7ef3158122f595998114d1e7f03985649ea99cb3cd99ce1ed1831ae94c8c8543ab45ebd044207612f31a56fd08462140e46865
  languageName: node
  linkType: hard

"package-size-check@workspace:.":
  version: 0.0.0-use.local
  resolution: "package-size-check@workspace:."
  dependencies:
    "@actions/core": 1.10.0
    "@actions/exec": 1.1.1
    "@types/fs-extra": 11.0.1
    "@types/uuid": 9.0.1
    fs-extra: 11.1.1
    pretty-bytes: 5.6.0
    uuid: 9.0.0
  languageName: unknown
  linkType: soft

"pretty-bytes@npm:5.6.0":
  version: 5.6.0
  resolution: "pretty-bytes@npm:5.6.0"
  checksum: f69f494dcc1adda98dbe0e4a36d301e8be8ff99bfde7a637b2ee2820e7cb583b0fc0f3a63b0e3752c01501185a5cf38602c7be60da41bdf84ef5b70e89c370f3
  languageName: node
  linkType: hard

"tunnel@npm:^0.0.6":
  version: 0.0.6
  resolution: "tunnel@npm:0.0.6"
  checksum: e27e7e896f2426c1c747325b5f54efebc1a004647d853fad892b46d64e37591ccd0b97439470795e5262b5c0748d22beb4489a04a0a448029636670bfd801b75
  languageName: node
  linkType: hard

"universalify@npm:^2.0.0":
  version: 2.0.0
  resolution: "universalify@npm:2.0.0"
  checksum: 07092b9f46df61b823d8ab5e57f0ee5120c178b39609a95e4a15a98c42f6b0b8e834e66fbb47ff92831786193be42f1fd36347169b88ce8639d0f9670af24a71
  languageName: node
  linkType: hard

"uuid@npm:9.0.0":
  version: 9.0.0
  resolution: "uuid@npm:9.0.0"
  bin:
    uuid: dist/bin/uuid
  checksum: 8867e438990d1d33ac61093e2e4e3477a2148b844e4fa9e3c2360fa4399292429c4b6ec64537eb1659c97b2d10db349c673ad58b50e2824a11e0d3630de3c056
  languageName: node
  linkType: hard

"uuid@npm:^8.3.2":
  version: 8.3.2
  resolution: "uuid@npm:8.3.2"
  bin:
    uuid: dist/bin/uuid
  checksum: bcbb807a917d374a49f475fae2e87fdca7da5e5530820ef53f65ba1d12131bd81a92ecf259cc7ce317cbe0f289e7d79fdfebcef9bfa3087c8c8a2fa304c9be54
  languageName: node
  linkType: hard
