# This file is generated by running "yarn install" inside your project.
# Manual changes might be lost - proceed with caution!

__metadata:
  version: 6
  cacheKey: 8c0

"@actions/exec@npm:1.1.1":
  version: 1.1.1
  resolution: "@actions/exec@npm:1.1.1"
  dependencies:
    "@actions/io": ^1.0.1
  checksum: 4a09f6bdbe50ce68b5cf8a7254d176230d6a74bccf6ecc3857feee209a8c950ba9adec87cc5ecceb04110182d1c17117234e45557d72fde6229b7fd3a395322a
  languageName: node
  linkType: hard

"@actions/github@npm:5.1.1":
  version: 5.1.1
  resolution: "@actions/github@npm:5.1.1"
  dependencies:
    "@actions/http-client": ^2.0.1
    "@octokit/core": ^3.6.0
    "@octokit/plugin-paginate-rest": ^2.17.0
    "@octokit/plugin-rest-endpoint-methods": ^5.13.0
  checksum: 0ebb8b834adccabcdcfbac6c28c95e9e75ef8879bce953d7800b991bb6e8abfcc2f8dc79d0e2522cd22c6a1a5b6e05840177e3bde07280cdef596e9576bbc4ce
  languageName: node
  linkType: hard

"@actions/http-client@npm:^2.0.1":
  version: 2.0.1
  resolution: "@actions/http-client@npm:2.0.1"
  dependencies:
    tunnel: ^0.0.6
  checksum: b58987ba2f53d7988f612ede7ff834573a3360c21f8fdea9fea92f26ada0fd0efafb22aa7d83f49c18965a5b765775d5253e2edb8d9476d924c4b304ef726b67
  languageName: node
  linkType: hard

"@actions/io@npm:^1.0.1":
  version: 1.1.2
  resolution: "@actions/io@npm:1.1.2"
  checksum: 61c871bbee1cf58f57917d9bb2cf6bb7ea4dc40de3f65c7fb4ec619ceff57fc98f56be9cca2d476b09e7a96e1cba0d88cd125c4f690d384b9483935186f256c1
  languageName: node
  linkType: hard

"@octokit/auth-token@npm:^2.4.4":
  version: 2.5.0
  resolution: "@octokit/auth-token@npm:2.5.0"
  dependencies:
    "@octokit/types": ^6.0.3
  checksum: e9f757b6acdee91885dab97069527c86829da0dc60476c38cdff3a739ff47fd026262715965f91e84ec9d01bc43d02678bc8ed472a85395679af621b3ddbe045
  languageName: node
  linkType: hard

"@octokit/core@npm:^3.6.0":
  version: 3.6.0
  resolution: "@octokit/core@npm:3.6.0"
  dependencies:
    "@octokit/auth-token": ^2.4.4
    "@octokit/graphql": ^4.5.8
    "@octokit/request": ^5.6.3
    "@octokit/request-error": ^2.0.5
    "@octokit/types": ^6.0.3
    before-after-hook: ^2.2.0
    universal-user-agent: ^6.0.0
  checksum: 78d9799a57fe9cf155cce485ba8b7ec32f05024350bf5dd8ab5e0da8995cc22168c39dbbbcfc29bc6c562dd482c1c4a3064f466f49e2e9ce4efad57cf28a7360
  languageName: node
  linkType: hard

"@octokit/endpoint@npm:^6.0.1":
  version: 6.0.12
  resolution: "@octokit/endpoint@npm:6.0.12"
  dependencies:
    "@octokit/types": ^6.0.3
    is-plain-object: ^5.0.0
    universal-user-agent: ^6.0.0
  checksum: b2d9c91f00ab7c997338d08a06bfd12a67d86060bc40471f921ba424e4de4e5a0a1117631f2a8a8787107d89d631172dd157cb5e2633674b1ae3a0e2b0dcfa3e
  languageName: node
  linkType: hard

"@octokit/graphql@npm:^4.5.8":
  version: 4.8.0
  resolution: "@octokit/graphql@npm:4.8.0"
  dependencies:
    "@octokit/request": ^5.6.0
    "@octokit/types": ^6.0.3
    universal-user-agent: ^6.0.0
  checksum: 2cfa0cbc636465d729f4a6a5827f7d36bed0fc9ea270a79427a431f1672fd109f463ca4509aeb3eb02342b91592ff06f318b39d6866d7424d2a16b0bfc01e62e
  languageName: node
  linkType: hard

"@octokit/openapi-types@npm:^12.11.0":
  version: 12.11.0
  resolution: "@octokit/openapi-types@npm:12.11.0"
  checksum: b3bb3684d9686ef948d8805ab56f85818f36e4cb64ef97b8e48dc233efefef22fe0bddd9da705fb628ea618a1bebd62b3d81b09a3f7dce9522f124d998041896
  languageName: node
  linkType: hard

"@octokit/plugin-paginate-rest@npm:^2.17.0":
  version: 2.21.3
  resolution: "@octokit/plugin-paginate-rest@npm:2.21.3"
  dependencies:
    "@octokit/types": ^6.40.0
  peerDependencies:
    "@octokit/core": ">=2"
  checksum: a16f7ed56db00ea9b72f77735e8d9463ddc84d017cb95c2767026c60a209f7c4176502c592847cf61613eb2f25dafe8d5437c01ad296660ebbfb2c821ef805e9
  languageName: node
  linkType: hard

"@octokit/plugin-rest-endpoint-methods@npm:^5.13.0":
  version: 5.16.2
  resolution: "@octokit/plugin-rest-endpoint-methods@npm:5.16.2"
  dependencies:
    "@octokit/types": ^6.39.0
    deprecation: ^2.3.1
  peerDependencies:
    "@octokit/core": ">=3"
  checksum: 32bfb30241140ad9bf17712856e1946374fb8d6040adfd5b9ea862e7149e5d2a38e0e037d3b468af34f7f2561129a6f170cffeb2a6225e548b04934e2c05eb93
  languageName: node
  linkType: hard

"@octokit/request-error@npm:^2.0.5, @octokit/request-error@npm:^2.1.0":
  version: 2.1.0
  resolution: "@octokit/request-error@npm:2.1.0"
  dependencies:
    "@octokit/types": ^6.0.3
    deprecation: ^2.0.0
    once: ^1.4.0
  checksum: eb50eb2734aa903f1e855ac5887bb76d6f237a3aaa022b09322a7676c79bb8020259b25f84ab895c4fc7af5cc736e601ec8cc7e9040ca4629bac8cb393e91c40
  languageName: node
  linkType: hard

"@octokit/request@npm:^5.6.0, @octokit/request@npm:^5.6.3":
  version: 5.6.3
  resolution: "@octokit/request@npm:5.6.3"
  dependencies:
    "@octokit/endpoint": ^6.0.1
    "@octokit/request-error": ^2.1.0
    "@octokit/types": ^6.16.1
    is-plain-object: ^5.0.0
    node-fetch: ^2.6.7
    universal-user-agent: ^6.0.0
  checksum: a546dc05665c6cf8184ae7c4ac3ed4f0c339c2170dd7e2beeb31a6e0a9dd968ca8ad960edbd2af745e585276e692c9eb9c6dbf1a8c9d815eb7b7fd282f3e67fc
  languageName: node
  linkType: hard

"@octokit/types@npm:^6.0.3, @octokit/types@npm:^6.16.1, @octokit/types@npm:^6.39.0, @octokit/types@npm:^6.40.0":
  version: 6.41.0
  resolution: "@octokit/types@npm:6.41.0"
  dependencies:
    "@octokit/openapi-types": ^12.11.0
  checksum: 81cfa58e5524bf2e233d75a346e625fd6e02a7b919762c6ddb523ad6fb108943ef9d34c0298ff3c5a44122e449d9038263bc22959247fd6ff8894a48888ac705
  languageName: node
  linkType: hard

"ansi-align@npm:^3.0.1":
  version: 3.0.1
  resolution: "ansi-align@npm:3.0.1"
  dependencies:
    string-width: ^4.1.0
  checksum: ad8b755a253a1bc8234eb341e0cec68a857ab18bf97ba2bda529e86f6e30460416523e0ec58c32e5c21f0ca470d779503244892873a5895dbd0c39c788e82467
  languageName: node
  linkType: hard

"ansi-regex@npm:^5.0.1":
  version: 5.0.1
  resolution: "ansi-regex@npm:5.0.1"
  checksum: 9a64bb8627b434ba9327b60c027742e5d17ac69277960d041898596271d992d4d52ba7267a63ca10232e29f6107fc8a835f6ce8d719b88c5f8493f8254813737
  languageName: node
  linkType: hard

"ansi-regex@npm:^6.0.1":
  version: 6.0.1
  resolution: "ansi-regex@npm:6.0.1"
  checksum: cbe16dbd2c6b2735d1df7976a7070dd277326434f0212f43abf6d87674095d247968209babdaad31bb00882fa68807256ba9be340eec2f1004de14ca75f52a08
  languageName: node
  linkType: hard

"ansi-styles@npm:^6.1.0":
  version: 6.2.1
  resolution: "ansi-styles@npm:6.2.1"
  checksum: 5d1ec38c123984bcedd996eac680d548f31828bd679a66db2bdf11844634dde55fec3efa9c6bb1d89056a5e79c1ac540c4c784d592ea1d25028a92227d2f2d5c
  languageName: node
  linkType: hard

"before-after-hook@npm:^2.2.0":
  version: 2.2.3
  resolution: "before-after-hook@npm:2.2.3"
  checksum: 0488c4ae12df758ca9d49b3bb27b47fd559677965c52cae7b335784724fb8bf96c42b6e5ba7d7afcbc31facb0e294c3ef717cc41c5bc2f7bd9e76f8b90acd31c
  languageName: node
  linkType: hard

"boxen@npm:7.0.1":
  version: 7.0.1
  resolution: "boxen@npm:7.0.1"
  dependencies:
    ansi-align: ^3.0.1
    camelcase: ^7.0.0
    chalk: ^5.0.1
    cli-boxes: ^3.0.0
    string-width: ^5.1.2
    type-fest: ^2.13.0
    widest-line: ^4.0.1
    wrap-ansi: ^8.0.1
  checksum: e85159504c73da1dbfbf9a207407599ff76f430ad3c55d42b1aa1c99aa224f1cc78933148d9fd67e17ecd1875251fe2ef7f08dfe1edd3132807cb1cb6a6c03a7
  languageName: node
  linkType: hard

"camelcase@npm:^7.0.0":
  version: 7.0.1
  resolution: "camelcase@npm:7.0.1"
  checksum: 3adfc9a0e96d51b3a2f4efe90a84dad3e206aaa81dfc664f1bd568270e1bf3b010aad31f01db16345b4ffe1910e16ab411c7273a19a859addd1b98ef7cf4cfbd
  languageName: node
  linkType: hard

"chalk@npm:5.2.0, chalk@npm:^5.0.1":
  version: 5.2.0
  resolution: "chalk@npm:5.2.0"
  checksum: 8a519b35c239f96e041b7f1ed8fdd79d3ca2332a8366cb957378b8a1b8a4cdfb740d19628e8bf74654d4c0917aa10cf39c20752e177a1304eac29a1168a740e9
  languageName: node
  linkType: hard

"cli-boxes@npm:^3.0.0":
  version: 3.0.0
  resolution: "cli-boxes@npm:3.0.0"
  checksum: 4db3e8fbfaf1aac4fb3a6cbe5a2d3fa048bee741a45371b906439b9ffc821c6e626b0f108bdcd3ddf126a4a319409aedcf39a0730573ff050fdd7b6731e99fb9
  languageName: node
  linkType: hard

"deprecation@npm:^2.0.0, deprecation@npm:^2.3.1":
  version: 2.3.1
  resolution: "deprecation@npm:2.3.1"
  checksum: 23d688ba66b74d09b908c40a76179418acbeeb0bfdf218c8075c58ad8d0c315130cb91aa3dffb623aa3a411a3569ce56c6460de6c8d69071c17fe6dd2442f032
  languageName: node
  linkType: hard

"eastasianwidth@npm:^0.2.0":
  version: 0.2.0
  resolution: "eastasianwidth@npm:0.2.0"
  checksum: 26f364ebcdb6395f95124fda411f63137a4bfb5d3a06453f7f23dfe52502905bd84e0488172e0f9ec295fdc45f05c23d5d91baf16bd26f0fe9acd777a188dc39
  languageName: node
  linkType: hard

"emoji-regex@npm:^8.0.0":
  version: 8.0.0
  resolution: "emoji-regex@npm:8.0.0"
  checksum: b6053ad39951c4cf338f9092d7bfba448cdfd46fe6a2a034700b149ac9ffbc137e361cbd3c442297f86bed2e5f7576c1b54cc0a6bf8ef5106cc62f496af35010
  languageName: node
  linkType: hard

"emoji-regex@npm:^9.2.2":
  version: 9.2.2
  resolution: "emoji-regex@npm:9.2.2"
  checksum: af014e759a72064cf66e6e694a7fc6b0ed3d8db680427b021a89727689671cefe9d04151b2cad51dbaf85d5ba790d061cd167f1cf32eb7b281f6368b3c181639
  languageName: node
  linkType: hard

"is-fullwidth-code-point@npm:^3.0.0":
  version: 3.0.0
  resolution: "is-fullwidth-code-point@npm:3.0.0"
  checksum: bb11d825e049f38e04c06373a8d72782eee0205bda9d908cc550ccb3c59b99d750ff9537982e01733c1c94a58e35400661f57042158ff5e8f3e90cf936daf0fc
  languageName: node
  linkType: hard

"is-plain-object@npm:^5.0.0":
  version: 5.0.0
  resolution: "is-plain-object@npm:5.0.0"
  checksum: 893e42bad832aae3511c71fd61c0bf61aa3a6d853061c62a307261842727d0d25f761ce9379f7ba7226d6179db2a3157efa918e7fe26360f3bf0842d9f28942c
  languageName: node
  linkType: hard

"node-fetch@npm:^2.6.7":
  version: 2.6.8
  resolution: "node-fetch@npm:2.6.8"
  dependencies:
    whatwg-url: ^5.0.0
  peerDependencies:
    encoding: ^0.1.0
  peerDependenciesMeta:
    encoding:
      optional: true
  checksum: 4e3cfdeb3e5e0e6d1192be08942d6530d74b0ac4fe6d8fc1cbcc3e7f274807b4f662ff1218393ba9e5e0e0c15c66365128726ed5400585feda707c31234d1f16
  languageName: node
  linkType: hard

"once@npm:^1.4.0":
  version: 1.4.0
  resolution: "once@npm:1.4.0"
  dependencies:
    wrappy: 1
  checksum: 5d48aca287dfefabd756621c5dfce5c91a549a93e9fdb7b8246bc4c4790aa2ec17b34a260530474635147aeb631a2dcc8b32c613df0675f96041cbb8244517d0
  languageName: node
  linkType: hard

"root-workspace-0b6124@workspace:.":
  version: 0.0.0-use.local
  resolution: "root-workspace-0b6124@workspace:."
  dependencies:
    "@actions/exec": 1.1.1
    "@actions/github": 5.1.1
    boxen: 7.0.1
    chalk: 5.2.0
  languageName: unknown
  linkType: soft

"string-width@npm:^4.1.0":
  version: 4.2.3
  resolution: "string-width@npm:4.2.3"
  dependencies:
    emoji-regex: ^8.0.0
    is-fullwidth-code-point: ^3.0.0
    strip-ansi: ^6.0.1
  checksum: 1e525e92e5eae0afd7454086eed9c818ee84374bb80328fc41217ae72ff5f065ef1c9d7f72da41de40c75fa8bb3dee63d92373fd492c84260a552c636392a47b
  languageName: node
  linkType: hard

"string-width@npm:^5.0.1, string-width@npm:^5.1.2":
  version: 5.1.2
  resolution: "string-width@npm:5.1.2"
  dependencies:
    eastasianwidth: ^0.2.0
    emoji-regex: ^9.2.2
    strip-ansi: ^7.0.1
  checksum: ab9c4264443d35b8b923cbdd513a089a60de339216d3b0ed3be3ba57d6880e1a192b70ae17225f764d7adbf5994e9bb8df253a944736c15a0240eff553c678ca
  languageName: node
  linkType: hard

"strip-ansi@npm:^6.0.1":
  version: 6.0.1
  resolution: "strip-ansi@npm:6.0.1"
  dependencies:
    ansi-regex: ^5.0.1
  checksum: 1ae5f212a126fe5b167707f716942490e3933085a5ff6c008ab97ab2f272c8025d3aa218b7bd6ab25729ca20cc81cddb252102f8751e13482a5199e873680952
  languageName: node
  linkType: hard

"strip-ansi@npm:^7.0.1":
  version: 7.0.1
  resolution: "strip-ansi@npm:7.0.1"
  dependencies:
    ansi-regex: ^6.0.1
  checksum: a94805f54caefae6cf4870ee6acfe50cff69d90a37994bf02c096042d9939ee211e1568f34b9fa5efa03c7d7fea79cb3ac8a4e517ceb848284ae300da06ca7e9
  languageName: node
  linkType: hard

"tr46@npm:~0.0.3":
  version: 0.0.3
  resolution: "tr46@npm:0.0.3"
  checksum: 047cb209a6b60c742f05c9d3ace8fa510bff609995c129a37ace03476a9b12db4dbf975e74600830ef0796e18882b2381fb5fb1f6b4f96b832c374de3ab91a11
  languageName: node
  linkType: hard

"tunnel@npm:^0.0.6":
  version: 0.0.6
  resolution: "tunnel@npm:0.0.6"
  checksum: e27e7e896f2426c1c747325b5f54efebc1a004647d853fad892b46d64e37591ccd0b97439470795e5262b5c0748d22beb4489a04a0a448029636670bfd801b75
  languageName: node
  linkType: hard

"type-fest@npm:^2.13.0":
  version: 2.19.0
  resolution: "type-fest@npm:2.19.0"
  checksum: a5a7ecf2e654251613218c215c7493574594951c08e52ab9881c9df6a6da0aeca7528c213c622bc374b4e0cb5c443aa3ab758da4e3c959783ce884c3194e12cb
  languageName: node
  linkType: hard

"universal-user-agent@npm:^6.0.0":
  version: 6.0.0
  resolution: "universal-user-agent@npm:6.0.0"
  checksum: ebeb0206963666c13bcf9ebc86d0577c7daed5870c05cd34d4972ee7a43b9ef20679baf2a8c83bf1b71d899bae67243ac4982d84ddaf9ba0355ff76595819961
  languageName: node
  linkType: hard

"webidl-conversions@npm:^3.0.0":
  version: 3.0.1
  resolution: "webidl-conversions@npm:3.0.1"
  checksum: 5612d5f3e54760a797052eb4927f0ddc01383550f542ccd33d5238cfd65aeed392a45ad38364970d0a0f4fea32e1f4d231b3d8dac4a3bdd385e5cf802ae097db
  languageName: node
  linkType: hard

"whatwg-url@npm:^5.0.0":
  version: 5.0.0
  resolution: "whatwg-url@npm:5.0.0"
  dependencies:
    tr46: ~0.0.3
    webidl-conversions: ^3.0.0
  checksum: 1588bed84d10b72d5eec1d0faa0722ba1962f1821e7539c535558fb5398d223b0c50d8acab950b8c488b4ba69043fd833cc2697056b167d8ad46fac3995a55d5
  languageName: node
  linkType: hard

"widest-line@npm:^4.0.1":
  version: 4.0.1
  resolution: "widest-line@npm:4.0.1"
  dependencies:
    string-width: ^5.0.1
  checksum: 7da9525ba45eaf3e4ed1a20f3dcb9b85bd9443962450694dae950f4bdd752839747bbc14713522b0b93080007de8e8af677a61a8c2114aa553ad52bde72d0f9c
  languageName: node
  linkType: hard

"wrap-ansi@npm:^8.0.1":
  version: 8.0.1
  resolution: "wrap-ansi@npm:8.0.1"
  dependencies:
    ansi-styles: ^6.1.0
    string-width: ^5.0.1
    strip-ansi: ^7.0.1
  checksum: f32dc32427920ff97b6e8265baecb79339dd4de2818f7a3e7bda60f32136a8bad7b9601b945b52552e1c46cece75dea967623a06dbc6a6e6604754c401b98820
  languageName: node
  linkType: hard

"wrappy@npm:1":
  version: 1.0.2
  resolution: "wrappy@npm:1.0.2"
  checksum: 56fece1a4018c6a6c8e28fbc88c87e0fbf4ea8fd64fc6c63b18f4acc4bd13e0ad2515189786dd2c30d3eec9663d70f4ecf699330002f8ccb547e4a18231fc9f0
  languageName: node
  linkType: hard
